
Microsoft Visual Studio Solution File, Format Version 12.00
# Visual Studio Version 17
VisualStudioVersion = 17.7.34009.444
MinimumVisualStudioVersion = 10.0.40219.1
Project("{FAE04EC0-301F-11D3-BF4B-00C04F79EFBC}") = "Ventas", "Ventas.csproj", "{B7D0B3A9-8D2B-4486-87CC-F19F3CA63D58}"
EndProject
Global
	GlobalSection(SolutionConfigurationPlatforms) = preSolution
		Debug|Any CPU = Debug|Any CPU
		Release|Any CPU = Release|Any CPU
	EndGlobalSection
	GlobalSection(ProjectConfigurationPlatforms) = postSolution
		{B7D0B3A9-8D2B-4486-87CC-F19F3CA63D58}.Debug|Any CPU.ActiveCfg = Debug|Any CPU
		{B7D0B3A9-8D2B-4486-87CC-F19F3CA63D58}.Debug|Any CPU.Build.0 = Debug|Any CPU
		{B7D0B3A9-8D2B-4486-87CC-F19F3CA63D58}.Release|Any CPU.ActiveCfg = Release|Any CPU
		{B7D0B3A9-8D2B-4486-87CC-F19F3CA63D58}.Release|Any CPU.Build.0 = Release|Any CPU
	EndGlobalSection
	GlobalSection(SolutionProperties) = preSolution
		HideSolutionNode = FALSE
	EndGlobalSection
	GlobalSection(ExtensibilityGlobals) = postSolution
		SolutionGuid = {405D189D-F36E-4D2C-96BC-A0AC4DEAE84E}
	EndGlobalSection
EndGlobal
